
Microsoft Visual Studio Solution File, Format Version 12.00
# Visual Studio Version 17
VisualStudioVersion = 17.7.34202.233
MinimumVisualStudioVersion = 10.0.40219.1
Project("{9A19103F-16F7-4668-BE54-9A1E7A4F7556}") = "DBI.WebUI", "DBI.WebUI\DBI.WebUI.csproj", "{8CBCABAB-634E-4C98-8B5C-4831CE08DF4B}"
EndProject
Project("{9A19103F-16F7-4668-BE54-9A1E7A4F7556}") = "DBI.Application", "DBI.Application\DBI.Application.csproj", "{323479F4-4819-4D1E-A43D-5B346172B38D}"
EndProject
Project("{9A19103F-16F7-4668-BE54-9A1E7A4F7556}") = "DBI.Domain", "DBI.Domain\DBI.Domain.csproj", "{638C4C56-7FD4-441D-93C5-68A4A5288C47}"
EndProject
Project("{9A19103F-16F7-4668-BE54-9A1E7A4F7556}") = "DBI.Infrastructure", "DBI.Infrastructure\DBI.Infrastructure.csproj", "{A4ED9DC7-CCF7-4CC4-9AA0-DEBB8634BCDF}"
EndProject
Project("{9A19103F-16F7-4668-BE54-9A1E7A4F7556}") = "DBI.ApplicationTests", "DBI.ApplicationTests\DBI.ApplicationTests.csproj", "{B67BBEF6-27B3-45F6-9480-EBCB8C1C4FA1}"
EndProject
Project("{2150E333-8FDC-42A3-9474-1A3956D46DE8}") = "Solution Items", "Solution Items", "{A4677FD9-89B2-4477-99CB-A57157EAB074}"
	ProjectSection(SolutionItems) = preProject
		Dockerfile = Dockerfile
	EndProjectSection
EndProject
Global
	GlobalSection(SolutionConfigurationPlatforms) = preSolution
		Debug|Any CPU = Debug|Any CPU
		Release|Any CPU = Release|Any CPU
	EndGlobalSection
	GlobalSection(ProjectConfigurationPlatforms) = postSolution
		{8CBCABAB-634E-4C98-8B5C-4831CE08DF4B}.Debug|Any CPU.ActiveCfg = Debug|Any CPU
		{8CBCABAB-634E-4C98-8B5C-4831CE08DF4B}.Debug|Any CPU.Build.0 = Debug|Any CPU
		{8CBCABAB-634E-4C98-8B5C-4831CE08DF4B}.Release|Any CPU.ActiveCfg = Release|Any CPU
		{8CBCABAB-634E-4C98-8B5C-4831CE08DF4B}.Release|Any CPU.Build.0 = Release|Any CPU
		{323479F4-4819-4D1E-A43D-5B346172B38D}.Debug|Any CPU.ActiveCfg = Debug|Any CPU
		{323479F4-4819-4D1E-A43D-5B346172B38D}.Debug|Any CPU.Build.0 = Debug|Any CPU
		{323479F4-4819-4D1E-A43D-5B346172B38D}.Release|Any CPU.ActiveCfg = Release|Any CPU
		{323479F4-4819-4D1E-A43D-5B346172B38D}.Release|Any CPU.Build.0 = Release|Any CPU
		{638C4C56-7FD4-441D-93C5-68A4A5288C47}.Debug|Any CPU.ActiveCfg = Debug|Any CPU
		{638C4C56-7FD4-441D-93C5-68A4A5288C47}.Debug|Any CPU.Build.0 = Debug|Any CPU
		{638C4C56-7FD4-441D-93C5-68A4A5288C47}.Release|Any CPU.ActiveCfg = Release|Any CPU
		{638C4C56-7FD4-441D-93C5-68A4A5288C47}.Release|Any CPU.Build.0 = Release|Any CPU
		{A4ED9DC7-CCF7-4CC4-9AA0-DEBB8634BCDF}.Debug|Any CPU.ActiveCfg = Debug|Any CPU
		{A4ED9DC7-CCF7-4CC4-9AA0-DEBB8634BCDF}.Debug|Any CPU.Build.0 = Debug|Any CPU
		{A4ED9DC7-CCF7-4CC4-9AA0-DEBB8634BCDF}.Release|Any CPU.ActiveCfg = Release|Any CPU
		{A4ED9DC7-CCF7-4CC4-9AA0-DEBB8634BCDF}.Release|Any CPU.Build.0 = Release|Any CPU
		{B67BBEF6-27B3-45F6-9480-EBCB8C1C4FA1}.Debug|Any CPU.ActiveCfg = Debug|Any CPU
		{B67BBEF6-27B3-45F6-9480-EBCB8C1C4FA1}.Debug|Any CPU.Build.0 = Debug|Any CPU
		{B67BBEF6-27B3-45F6-9480-EBCB8C1C4FA1}.Release|Any CPU.ActiveCfg = Release|Any CPU
		{B67BBEF6-27B3-45F6-9480-EBCB8C1C4FA1}.Release|Any CPU.Build.0 = Release|Any CPU
	EndGlobalSection
	GlobalSection(SolutionProperties) = preSolution
		HideSolutionNode = FALSE
	EndGlobalSection
	GlobalSection(ExtensibilityGlobals) = postSolution
		SolutionGuid = {E70C6874-FAC3-48CA-B373-EEFFB4956419}
	EndGlobalSection
EndGlobal
